
Microsoft Visual Studio Solution File, Format Version 12.00
# Visual Studio Version 17
VisualStudioVersion = 17.3.32929.385
MinimumVisualStudioVersion = 10.0.40219.1
Project("{9A19103F-16F7-4668-BE54-9A1E7A4F7556}") = "JewelryProject", "JewerlyProject\JewelryProject.csproj", "{4FB21695-96AF-42DC-80CF-607CCCAA02E0}"
EndProject
Project("{FAE04EC0-301F-11D3-BF4B-00C04F79EFBC}") = "EntityLayer", "EntityLayer\EntityLayer.csproj", "{14CC65BC-5790-4042-8A68-F8BFAC894FF7}"
EndProject
Project("{FAE04EC0-301F-11D3-BF4B-00C04F79EFBC}") = "BusinessLayer", "BusinessLayer\BusinessLayer.csproj", "{0549EF00-207A-4BD6-AD8F-5A4B37A5287F}"
EndProject
Project("{FAE04EC0-301F-11D3-BF4B-00C04F79EFBC}") = "DataAccessLayer", "DataAccessLayer\DataAccessLayer.csproj", "{A5641E33-F735-4380-AC9E-74D42E429A68}"
EndProject
Global
	GlobalSection(SolutionConfigurationPlatforms) = preSolution
		Debug|Any CPU = Debug|Any CPU
		Release|Any CPU = Release|Any CPU
	EndGlobalSection
	GlobalSection(ProjectConfigurationPlatforms) = postSolution
		{4FB21695-96AF-42DC-80CF-607CCCAA02E0}.Debug|Any CPU.ActiveCfg = Debug|Any CPU
		{4FB21695-96AF-42DC-80CF-607CCCAA02E0}.Debug|Any CPU.Build.0 = Debug|Any CPU
		{4FB21695-96AF-42DC-80CF-607CCCAA02E0}.Release|Any CPU.ActiveCfg = Release|Any CPU
		{4FB21695-96AF-42DC-80CF-607CCCAA02E0}.Release|Any CPU.Build.0 = Release|Any CPU
		{14CC65BC-5790-4042-8A68-F8BFAC894FF7}.Debug|Any CPU.ActiveCfg = Debug|Any CPU
		{14CC65BC-5790-4042-8A68-F8BFAC894FF7}.Debug|Any CPU.Build.0 = Debug|Any CPU
		{14CC65BC-5790-4042-8A68-F8BFAC894FF7}.Release|Any CPU.ActiveCfg = Release|Any CPU
		{14CC65BC-5790-4042-8A68-F8BFAC894FF7}.Release|Any CPU.Build.0 = Release|Any CPU
		{0549EF00-207A-4BD6-AD8F-5A4B37A5287F}.Debug|Any CPU.ActiveCfg = Debug|Any CPU
		{0549EF00-207A-4BD6-AD8F-5A4B37A5287F}.Debug|Any CPU.Build.0 = Debug|Any CPU
		{0549EF00-207A-4BD6-AD8F-5A4B37A5287F}.Release|Any CPU.ActiveCfg = Release|Any CPU
		{0549EF00-207A-4BD6-AD8F-5A4B37A5287F}.Release|Any CPU.Build.0 = Release|Any CPU
		{A5641E33-F735-4380-AC9E-74D42E429A68}.Debug|Any CPU.ActiveCfg = Debug|Any CPU
		{A5641E33-F735-4380-AC9E-74D42E429A68}.Debug|Any CPU.Build.0 = Debug|Any CPU
		{A5641E33-F735-4380-AC9E-74D42E429A68}.Release|Any CPU.ActiveCfg = Release|Any CPU
		{A5641E33-F735-4380-AC9E-74D42E429A68}.Release|Any CPU.Build.0 = Release|Any CPU
	EndGlobalSection
	GlobalSection(SolutionProperties) = preSolution
		HideSolutionNode = FALSE
	EndGlobalSection
	GlobalSection(ExtensibilityGlobals) = postSolution
		SolutionGuid = {3A146D9C-F08B-43CA-BC60-AB50B591E375}
	EndGlobalSection
EndGlobal
